
Microsoft Visual Studio Solution File, Format Version 12.00
# Visual Studio Version 16
VisualStudioVersion = 16.0.30114.105
MinimumVisualStudioVersion = 10.0.40219.1
Project("{FAE04EC0-301F-11D3-BF4B-00C04F79EFBC}") = "CHOVY-SIGN", "CHOVY-SIGN\CHOVY-SIGN.csproj", "{D46AA2C2-2BDC-45C7-ACA5-D7A2295564E8}"
EndProject
Project("{8BC9CEB8-8B4A-11D0-8D11-00A0C91BC942}") = "CHOVY-KIRK", "CHOVY-KIRK\KIRK.vcxproj", "{C441ACC2-EC4E-424B-AA99-3F5D1A997A4F}"
EndProject
Project("{8BC9CEB8-8B4A-11D0-8D11-00A0C91BC942}") = "CHOVY-GEN", "CHOVY-GEN\CHOVY-GEN.vcxproj", "{DCDBF747-DFB6-450E-A403-1C592D20EAEB}"
EndProject
Project("{FAE04EC0-301F-11D3-BF4B-00C04F79EFBC}") = "CHOVY-JUAN", "CHOVY-JUAN\CHOVY-JUAN.csproj", "{78933B2F-C754-4904-804E-D3932536471C}"
EndProject
Global
	GlobalSection(SolutionConfigurationPlatforms) = preSolution
		Debug|x86 = Debug|x86
		Release|x86 = Release|x86
	EndGlobalSection
	GlobalSection(ProjectConfigurationPlatforms) = postSolution
		{D46AA2C2-2BDC-45C7-ACA5-D7A2295564E8}.Debug|x86.ActiveCfg = Debug|x86
		{D46AA2C2-2BDC-45C7-ACA5-D7A2295564E8}.Debug|x86.Build.0 = Debug|x86
		{D46AA2C2-2BDC-45C7-ACA5-D7A2295564E8}.Release|x86.ActiveCfg = Release|x86
		{D46AA2C2-2BDC-45C7-ACA5-D7A2295564E8}.Release|x86.Build.0 = Release|x86
		{C441ACC2-EC4E-424B-AA99-3F5D1A997A4F}.Debug|x86.ActiveCfg = Debug|Win32
		{C441ACC2-EC4E-424B-AA99-3F5D1A997A4F}.Debug|x86.Build.0 = Debug|Win32
		{C441ACC2-EC4E-424B-AA99-3F5D1A997A4F}.Release|x86.ActiveCfg = Release|Win32
		{C441ACC2-EC4E-424B-AA99-3F5D1A997A4F}.Release|x86.Build.0 = Release|Win32
		{DCDBF747-DFB6-450E-A403-1C592D20EAEB}.Debug|x86.ActiveCfg = Debug|Win32
		{DCDBF747-DFB6-450E-A403-1C592D20EAEB}.Debug|x86.Build.0 = Debug|Win32
		{DCDBF747-DFB6-450E-A403-1C592D20EAEB}.Release|x86.ActiveCfg = Release|Win32
		{DCDBF747-DFB6-450E-A403-1C592D20EAEB}.Release|x86.Build.0 = Release|Win32
		{78933B2F-C754-4904-804E-D3932536471C}.Debug|x86.ActiveCfg = Debug|x86
		{78933B2F-C754-4904-804E-D3932536471C}.Debug|x86.Build.0 = Debug|x86
		{78933B2F-C754-4904-804E-D3932536471C}.Release|x86.ActiveCfg = Release|x86
		{78933B2F-C754-4904-804E-D3932536471C}.Release|x86.Build.0 = Release|x86
	EndGlobalSection
	GlobalSection(SolutionProperties) = preSolution
		HideSolutionNode = FALSE
	EndGlobalSection
	GlobalSection(ExtensibilityGlobals) = postSolution
		SolutionGuid = {FE98FF5E-D850-40E5-BCA1-34C5F217333E}
	EndGlobalSection
EndGlobal
