
Microsoft Visual Studio Solution File, Format Version 12.00
# Visual Studio Version 17
VisualStudioVersion = 17.5.33516.290
MinimumVisualStudioVersion = 10.0.40219.1
Project("{9A19103F-16F7-4668-BE54-9A1E7A4F7556}") = "PspCrypto", "PspCrypto\PspCrypto.csproj", "{A60BE4C2-C0D2-42FD-BCFF-631B9AFC62FE}"
EndProject
Project("{9A19103F-16F7-4668-BE54-9A1E7A4F7556}") = "PbpResign", "PbpResign\PbpResign.csproj", "{834B9F97-1B63-48EB-922E-0FC155BB2481}"
	ProjectSection(ProjectDependencies) = postProject
		{75BBF537-8ED8-42A3-AA8B-80A730F1B3F2} = {75BBF537-8ED8-42A3-AA8B-80A730F1B3F2}
	EndProjectSection
EndProject
Project("{9A19103F-16F7-4668-BE54-9A1E7A4F7556}") = "GameBuilder", "PopsBuilder\GameBuilder.csproj", "{D1DF66DB-52BE-489C-A292-525BC71F2BB2}"
	ProjectSection(ProjectDependencies) = postProject
		{63475285-AAD2-4DE9-B698-AFC9FAA58AC8} = {63475285-AAD2-4DE9-B698-AFC9FAA58AC8}
		{BF155D74-2923-432F-8566-26D83B15EEE8} = {BF155D74-2923-432F-8566-26D83B15EEE8}
	EndProjectSection
EndProject
Project("{9A19103F-16F7-4668-BE54-9A1E7A4F7556}") = "ChovySign-CLI", "ChovySign-CLI\ChovySign-CLI.csproj", "{90FB2C00-CC46-4B77-8E24-C5F7458AB068}"
	ProjectSection(ProjectDependencies) = postProject
		{A60BE4C2-C0D2-42FD-BCFF-631B9AFC62FE} = {A60BE4C2-C0D2-42FD-BCFF-631B9AFC62FE}
	EndProjectSection
EndProject
Project("{9A19103F-16F7-4668-BE54-9A1E7A4F7556}") = "DiscUtils", "DiscUtils\DiscUtils.csproj", "{BF155D74-2923-432F-8566-26D83B15EEE8}"
EndProject
Project("{FAE04EC0-301F-11D3-BF4B-00C04F79EFBC}") = "Vita", "Vita\Vita.csproj", "{75BBF537-8ED8-42A3-AA8B-80A730F1B3F2}"
	ProjectSection(ProjectDependencies) = postProject
		{63475285-AAD2-4DE9-B698-AFC9FAA58AC8} = {63475285-AAD2-4DE9-B698-AFC9FAA58AC8}
	EndProjectSection
EndProject
Project("{FAE04EC0-301F-11D3-BF4B-00C04F79EFBC}") = "LiLib", "LiLib\LiLib.csproj", "{63475285-AAD2-4DE9-B698-AFC9FAA58AC8}"
EndProject
Global
	GlobalSection(SolutionConfigurationPlatforms) = preSolution
		Debug|Any CPU = Debug|Any CPU
		Release|Any CPU = Release|Any CPU
	EndGlobalSection
	GlobalSection(ProjectConfigurationPlatforms) = postSolution
		{A60BE4C2-C0D2-42FD-BCFF-631B9AFC62FE}.Debug|Any CPU.ActiveCfg = Debug|Any CPU
		{A60BE4C2-C0D2-42FD-BCFF-631B9AFC62FE}.Debug|Any CPU.Build.0 = Debug|Any CPU
		{A60BE4C2-C0D2-42FD-BCFF-631B9AFC62FE}.Release|Any CPU.ActiveCfg = Release|Any CPU
		{A60BE4C2-C0D2-42FD-BCFF-631B9AFC62FE}.Release|Any CPU.Build.0 = Release|Any CPU
		{834B9F97-1B63-48EB-922E-0FC155BB2481}.Debug|Any CPU.ActiveCfg = Debug|Any CPU
		{834B9F97-1B63-48EB-922E-0FC155BB2481}.Debug|Any CPU.Build.0 = Debug|Any CPU
		{834B9F97-1B63-48EB-922E-0FC155BB2481}.Release|Any CPU.ActiveCfg = Release|Any CPU
		{834B9F97-1B63-48EB-922E-0FC155BB2481}.Release|Any CPU.Build.0 = Release|Any CPU
		{D1DF66DB-52BE-489C-A292-525BC71F2BB2}.Debug|Any CPU.ActiveCfg = Debug|Any CPU
		{D1DF66DB-52BE-489C-A292-525BC71F2BB2}.Debug|Any CPU.Build.0 = Debug|Any CPU
		{D1DF66DB-52BE-489C-A292-525BC71F2BB2}.Release|Any CPU.ActiveCfg = Release|Any CPU
		{D1DF66DB-52BE-489C-A292-525BC71F2BB2}.Release|Any CPU.Build.0 = Release|Any CPU
		{90FB2C00-CC46-4B77-8E24-C5F7458AB068}.Debug|Any CPU.ActiveCfg = Debug|Any CPU
		{90FB2C00-CC46-4B77-8E24-C5F7458AB068}.Debug|Any CPU.Build.0 = Debug|Any CPU
		{90FB2C00-CC46-4B77-8E24-C5F7458AB068}.Release|Any CPU.ActiveCfg = Release|Any CPU
		{90FB2C00-CC46-4B77-8E24-C5F7458AB068}.Release|Any CPU.Build.0 = Release|Any CPU
		{BF155D74-2923-432F-8566-26D83B15EEE8}.Debug|Any CPU.ActiveCfg = Debug|Any CPU
		{BF155D74-2923-432F-8566-26D83B15EEE8}.Debug|Any CPU.Build.0 = Debug|Any CPU
		{BF155D74-2923-432F-8566-26D83B15EEE8}.Release|Any CPU.ActiveCfg = Release|Any CPU
		{BF155D74-2923-432F-8566-26D83B15EEE8}.Release|Any CPU.Build.0 = Release|Any CPU
		{75BBF537-8ED8-42A3-AA8B-80A730F1B3F2}.Debug|Any CPU.ActiveCfg = Debug|Any CPU
		{75BBF537-8ED8-42A3-AA8B-80A730F1B3F2}.Debug|Any CPU.Build.0 = Debug|Any CPU
		{75BBF537-8ED8-42A3-AA8B-80A730F1B3F2}.Release|Any CPU.ActiveCfg = Release|Any CPU
		{75BBF537-8ED8-42A3-AA8B-80A730F1B3F2}.Release|Any CPU.Build.0 = Release|Any CPU
		{63475285-AAD2-4DE9-B698-AFC9FAA58AC8}.Debug|Any CPU.ActiveCfg = Debug|Any CPU
		{63475285-AAD2-4DE9-B698-AFC9FAA58AC8}.Debug|Any CPU.Build.0 = Debug|Any CPU
		{63475285-AAD2-4DE9-B698-AFC9FAA58AC8}.Release|Any CPU.ActiveCfg = Release|Any CPU
		{63475285-AAD2-4DE9-B698-AFC9FAA58AC8}.Release|Any CPU.Build.0 = Release|Any CPU
	EndGlobalSection
	GlobalSection(SolutionProperties) = preSolution
		HideSolutionNode = FALSE
	EndGlobalSection
	GlobalSection(ExtensibilityGlobals) = postSolution
		SolutionGuid = {CEC62870-B8D5-4E33-9144-7C2B88EE8F73}
	EndGlobalSection
EndGlobal
